{
  "lockfileVersion": 1,
  "workspaces": {
    "": {
      "name": "tree-sitter-beskid",
      "dependencies": {
        "node-addon-api": "^8.3.1",
        "node-gyp-build": "^4.8.4",
      },
      "devDependencies": {
        "tree-sitter-cli": "^0.25.10",
      },
      "peerDependencies": {
        "tree-sitter": "^0.25.0",
      },
      "optionalPeers": [
        "tree-sitter",
      ],
    },
  },
  "packages": {
    "node-addon-api": ["node-addon-api@8.8.0", "", {}, "sha512-c5Ko1fZJIJmzhFIkhRN76WTq+fC6tWnGy9CXA0fA+XygsWZmEwG8vmbkNqxMyoaa0Tin4djul49NzdVcJJcjeA=="],

    "node-gyp-build": ["node-gyp-build@4.8.4", "", { "bin": { "node-gyp-build": "bin.js", "node-gyp-build-optional": "optional.js", "node-gyp-build-test": "build-test.js" } }, "sha512-LA4ZjwlnUblHVgq0oBF3Jl/6h/Nvs5fzBLwdEF4nuxnFdsfajde4WfxtJr3CaiH+F6ewcIB/q4jQ4UzPyid+CQ=="],

    "tree-sitter-cli": ["tree-sitter-cli@0.25.10", "", { "bin": { "tree-sitter": "cli.js" } }, "sha512-KoebQguKMCIghisEOdA372TIbrUl0kdnfZ9YQIBRAeOvNSKe85XbU4LuFW7hduRUwJj0rAG7pX5wo9sZhbBF1g=="],
  }
}
